
Microsoft Visual Studio Solution File, Format Version 12.00
Project("{FAE04EC0-301F-11D3-BF4B-00C04F79EFBC}") = "Oppgave1", "Oppgave1\Oppgave1.csproj", "{4C084CFC-8BE2-4174-9CAF-8467C9C68627}"
EndProject
Project("{FAE04EC0-301F-11D3-BF4B-00C04F79EFBC}") = "Oppgave2", "Oppgave2\Oppgave2.csproj", "{A043EB6D-B587-4056-A4DE-309F3EDCD57D}"
EndProject
Global
	GlobalSection(SolutionConfigurationPlatforms) = preSolution
		Debug|Any CPU = Debug|Any CPU
		Release|Any CPU = Release|Any CPU
	EndGlobalSection
	GlobalSection(ProjectConfigurationPlatforms) = postSolution
		{4C084CFC-8BE2-4174-9CAF-8467C9C68627}.Debug|Any CPU.ActiveCfg = Debug|Any CPU
		{4C084CFC-8BE2-4174-9CAF-8467C9C68627}.Debug|Any CPU.Build.0 = Debug|Any CPU
		{4C084CFC-8BE2-4174-9CAF-8467C9C68627}.Release|Any CPU.ActiveCfg = Release|Any CPU
		{4C084CFC-8BE2-4174-9CAF-8467C9C68627}.Release|Any CPU.Build.0 = Release|Any CPU
		{A043EB6D-B587-4056-A4DE-309F3EDCD57D}.Debug|Any CPU.ActiveCfg = Debug|Any CPU
		{A043EB6D-B587-4056-A4DE-309F3EDCD57D}.Debug|Any CPU.Build.0 = Debug|Any CPU
		{A043EB6D-B587-4056-A4DE-309F3EDCD57D}.Release|Any CPU.ActiveCfg = Release|Any CPU
		{A043EB6D-B587-4056-A4DE-309F3EDCD57D}.Release|Any CPU.Build.0 = Release|Any CPU
	EndGlobalSection
EndGlobal
