
Microsoft Visual Studio Solution File, Format Version 12.00
Project("{FAE04EC0-301F-11D3-BF4B-00C04F79EFBC}") = "WebApplication1", "WebApplication1\WebApplication1.csproj", "{B3F98D6E-9DE2-4481-8E31-33F082A09D38}"
EndProject
Global
	GlobalSection(SolutionConfigurationPlatforms) = preSolution
		Debug|Any CPU = Debug|Any CPU
		Release|Any CPU = Release|Any CPU
	EndGlobalSection
	GlobalSection(ProjectConfigurationPlatforms) = postSolution
		{B3F98D6E-9DE2-4481-8E31-33F082A09D38}.Debug|Any CPU.ActiveCfg = Debug|Any CPU
		{B3F98D6E-9DE2-4481-8E31-33F082A09D38}.Debug|Any CPU.Build.0 = Debug|Any CPU
		{B3F98D6E-9DE2-4481-8E31-33F082A09D38}.Release|Any CPU.ActiveCfg = Release|Any CPU
		{B3F98D6E-9DE2-4481-8E31-33F082A09D38}.Release|Any CPU.Build.0 = Release|Any CPU
	EndGlobalSection
EndGlobal
